
Microsoft Visual Studio Solution File, Format Version 12.00
# Visual Studio Version 16
VisualStudioVersion = 16.0.31702.278
MinimumVisualStudioVersion = 10.0.40219.1
Project("{FAE04EC0-301F-11D3-BF4B-00C04F79EFBC}") = "API1", "API1\API1.csproj", "{AB0DACE0-2CF7-4DC3-9D8B-C2930962225A}"
EndProject
Global
	GlobalSection(SolutionConfigurationPlatforms) = preSolution
		Debug|Any CPU = Debug|Any CPU
		Release|Any CPU = Release|Any CPU
	EndGlobalSection
	GlobalSection(ProjectConfigurationPlatforms) = postSolution
		{AB0DACE0-2CF7-4DC3-9D8B-C2930962225A}.Debug|Any CPU.ActiveCfg = Debug|Any CPU
		{AB0DACE0-2CF7-4DC3-9D8B-C2930962225A}.Debug|Any CPU.Build.0 = Debug|Any CPU
		{AB0DACE0-2CF7-4DC3-9D8B-C2930962225A}.Release|Any CPU.ActiveCfg = Release|Any CPU
		{AB0DACE0-2CF7-4DC3-9D8B-C2930962225A}.Release|Any CPU.Build.0 = Release|Any CPU
	EndGlobalSection
	GlobalSection(SolutionProperties) = preSolution
		HideSolutionNode = FALSE
	EndGlobalSection
	GlobalSection(ExtensibilityGlobals) = postSolution
		SolutionGuid = {92A0241A-0609-4D2C-9016-123EA6000DC5}
	EndGlobalSection
EndGlobal
